
Microsoft Visual Studio Solution File, Format Version 12.00
# Visual Studio 2015
Project("{FAE04EC0-301F-11D3-BF4B-00C04F79EFBC}") = "Week8Project.CSharp.Plugins", "Week8Project.CSharp.Plugins.csproj", "{1EDB05C0-875F-7F01-6C02-B1E78D198515}"
EndProject
Project("{FAE04EC0-301F-11D3-BF4B-00C04F79EFBC}") = "Week8Project.CSharp", "Week8Project.CSharp.csproj", "{498F5671-F7D7-64DF-1286-614500620E05}"
EndProject
Project("{FAE04EC0-301F-11D3-BF4B-00C04F79EFBC}") = "Week8Project.CSharp.Editor", "Week8Project.CSharp.Editor.csproj", "{D4DC46DE-84AC-AE10-27D2-E07899432BE6}"
EndProject
Global
	GlobalSection(SolutionConfigurationPlatforms) = preSolution
		Debug|Any CPU = Debug|Any CPU
		Release|Any CPU = Release|Any CPU
	EndGlobalSection
	GlobalSection(ProjectConfigurationPlatforms) = postSolution
		{1EDB05C0-875F-7F01-6C02-B1E78D198515}.Debug|Any CPU.ActiveCfg = Debug|Any CPU
		{1EDB05C0-875F-7F01-6C02-B1E78D198515}.Debug|Any CPU.Build.0 = Debug|Any CPU
		{1EDB05C0-875F-7F01-6C02-B1E78D198515}.Release|Any CPU.ActiveCfg = Release|Any CPU
		{1EDB05C0-875F-7F01-6C02-B1E78D198515}.Release|Any CPU.Build.0 = Release|Any CPU
		{498F5671-F7D7-64DF-1286-614500620E05}.Debug|Any CPU.ActiveCfg = Debug|Any CPU
		{498F5671-F7D7-64DF-1286-614500620E05}.Debug|Any CPU.Build.0 = Debug|Any CPU
		{498F5671-F7D7-64DF-1286-614500620E05}.Release|Any CPU.ActiveCfg = Release|Any CPU
		{498F5671-F7D7-64DF-1286-614500620E05}.Release|Any CPU.Build.0 = Release|Any CPU
		{D4DC46DE-84AC-AE10-27D2-E07899432BE6}.Debug|Any CPU.ActiveCfg = Debug|Any CPU
		{D4DC46DE-84AC-AE10-27D2-E07899432BE6}.Debug|Any CPU.Build.0 = Debug|Any CPU
		{D4DC46DE-84AC-AE10-27D2-E07899432BE6}.Release|Any CPU.ActiveCfg = Release|Any CPU
		{D4DC46DE-84AC-AE10-27D2-E07899432BE6}.Release|Any CPU.Build.0 = Release|Any CPU
	EndGlobalSection
	GlobalSection(SolutionProperties) = preSolution
		HideSolutionNode = FALSE
	EndGlobalSection
EndGlobal
